{
    "name": "riverbraid-lang",
    "version": "1.5.0",
    "lockfileVersion": 3,
    "requires": true,
    "packages": {
        "": {
            "name": "riverbraid-lang",
            "version": "1.5.0",
            "dependencies": {
                "riverbraid-audio-gold": "file:../Riverbraid-Audio-Gold",
                "riverbraid-cognition": "file:../Riverbraid-Cognition",
                "riverbraid-crypto-gold": "file:../Riverbraid-Crypto-Gold",
                "riverbraid-judicial-gold": "file:../Riverbraid-Judicial-Gold",
                "riverbraid-memory-gold": "file:../Riverbraid-Memory-Gold",
                "riverbraid-safety-gold": "file:../Riverbraid-Safety-Gold",
                "riverbraid-temporal-gold": "file:../Riverbraid-Temporal-Gold",
                "riverbraid-vision-gold": "file:../Riverbraid-Vision-Gold"
            }
        },
        "../Riverbraid-Audio-Gold": {
            "name": "riverbraid-audio",
            "version": "1.0.0"
        },
        "../Riverbraid-Cognition": {
            "name": "riverbraid-intelligence",
            "version": "1.0.0"
        },
        "../Riverbraid-Crypto-Gold": {
            "name": "riverbraid-crypto",
            "version": "1.0.0"
        },
        "../Riverbraid-Judicial-Gold": {
            "name": "riverbraid-judicial",
            "version": "1.0.0"
        },
        "../Riverbraid-Memory-Gold": {
            "name": "riverbraid-memory",
            "version": "1.0.0"
        },
        "../Riverbraid-Safety-Gold": {
            "name": "riverbraid-safety-gold",
            "version": "1.5.0"
        },
        "../Riverbraid-Temporal-Gold": {
            "name": "riverbraid-temporal",
            "version": "1.0.0"
        },
        "../Riverbraid-Vision-Gold": {
            "name": "riverbraid-vision",
            "version": "1.0.0"
        },
        "node_modules/riverbraid-audio-gold": {
            "resolved": "../Riverbraid-Audio-Gold",
            "link": true
        },
        "node_modules/riverbraid-cognition": {
            "resolved": "../Riverbraid-Cognition",
            "link": true
        },
        "node_modules/riverbraid-crypto-gold": {
            "resolved": "../Riverbraid-Crypto-Gold",
            "link": true
        },
        "node_modules/riverbraid-judicial-gold": {
            "resolved": "../Riverbraid-Judicial-Gold",
            "link": true
        },
        "node_modules/riverbraid-memory-gold": {
            "resolved": "../Riverbraid-Memory-Gold",
            "link": true
        },
        "node_modules/riverbraid-safety-gold": {
            "resolved": "../Riverbraid-Safety-Gold",
            "link": true
        },
        "node_modules/riverbraid-temporal-gold": {
            "resolved": "../Riverbraid-Temporal-Gold",
            "link": true
        },
        "node_modules/riverbraid-vision-gold": {
            "resolved": "../Riverbraid-Vision-Gold",
            "link": true
        }
    }
}
